
Microsoft Visual Studio Solution File, Format Version 12.00
# Visual Studio 15
VisualStudioVersion = 15.0.28307.1585
MinimumVisualStudioVersion = 10.0.40219.1
Project("{FAE04EC0-301F-11D3-BF4B-00C04F79EFBC}") = "006-AtribuicoesDeVariaveis", "6-AtribuicoesDeVariaveis\006-AtribuicoesDeVariaveis.csproj", "{9FB6BC37-E57B-4CFE-A5E1-D18B14052F93}"
EndProject
Project("{FAE04EC0-301F-11D3-BF4B-00C04F79EFBC}") = "007-Condicionais", "7-Condicionais\007-Condicionais.csproj", "{90FF8568-DEF3-40C5-8B1F-55DC91B4CCA7}"
EndProject
Project("{FAE04EC0-301F-11D3-BF4B-00C04F79EFBC}") = "008-Condicionais2", "8-Condicionais2\008-Condicionais2.csproj", "{886C8665-4C21-4032-9384-E4E81A411EA8}"
EndProject
Project("{FAE04EC0-301F-11D3-BF4B-00C04F79EFBC}") = "009-Escopo", "9-Escopo\009-Escopo.csproj", "{F62B680F-0976-45D1-9DEA-5503BBCE7D8B}"
EndProject
Project("{FAE04EC0-301F-11D3-BF4B-00C04F79EFBC}") = "010-CalculaPoupanca", "10-CalculaPoupanca\010-CalculaPoupanca.csproj", "{DFE167B5-B993-4955-8802-CF85B7D36648}"
EndProject
Project("{FAE04EC0-301F-11D3-BF4B-00C04F79EFBC}") = "011-CalculaPoupanca2", "11-CalculaPoupanca2\011-CalculaPoupanca2.csproj", "{A1B25B8D-23BA-4247-A9DB-0532734CDA54}"
EndProject
Project("{FAE04EC0-301F-11D3-BF4B-00C04F79EFBC}") = "012-CalculaInvestimentoLongoPrazo", "012-CalculaInvestimentoLongoPrazo\012-CalculaInvestimentoLongoPrazo.csproj", "{7668EC56-9FB4-472D-8DBD-0E7A4C8BA5F9}"
EndProject
Project("{FAE04EC0-301F-11D3-BF4B-00C04F79EFBC}") = "013-ForEncadeado", "013-ForEncadeado\013-ForEncadeado.csproj", "{FA320D43-63A5-468A-BBED-9D3348CFC994}"
EndProject
Project("{FAE04EC0-301F-11D3-BF4B-00C04F79EFBC}") = "001-PrimeiroProjeto", "001-PrimeiroProjeto\001-PrimeiroProjeto.csproj", "{74F4E574-2845-4080-8F1C-4D57AE3AAEC3}"
EndProject
Project("{FAE04EC0-301F-11D3-BF4B-00C04F79EFBC}") = "002-CriandoVariaveis", "002-CriandoVariaveis\002-CriandoVariaveis.csproj", "{90FB1C6E-0B03-4824-98B6-05F2C0BBE8FB}"
EndProject
Project("{FAE04EC0-301F-11D3-BF4B-00C04F79EFBC}") = "003-CriandoVariaveisPontoFlutuante", "003-CriandoVariaveisPontoFlutuante\003-CriandoVariaveisPontoFlutuante.csproj", "{D0ECCC83-7B31-43D8-90CA-D79D16C9681B}"
EndProject
Project("{FAE04EC0-301F-11D3-BF4B-00C04F79EFBC}") = "004-ConvesoesEOutrosTiposNumericos", "004-ConvesoesEOutrosTiposNumericos\004-ConvesoesEOutrosTiposNumericos.csproj", "{9B2E079B-3A85-4E63-B914-F3B9A6830E5D}"
EndProject
Project("{FAE04EC0-301F-11D3-BF4B-00C04F79EFBC}") = "005-CaracteresETextos", "005-CaracteresETextos\005-CaracteresETextos.csproj", "{9E984F3F-2E5B-46AF-92C4-9D755A165DF8}"
EndProject
Global
	GlobalSection(SolutionConfigurationPlatforms) = preSolution
		Debug|Any CPU = Debug|Any CPU
		Release|Any CPU = Release|Any CPU
	EndGlobalSection
	GlobalSection(ProjectConfigurationPlatforms) = postSolution
		{9FB6BC37-E57B-4CFE-A5E1-D18B14052F93}.Debug|Any CPU.ActiveCfg = Debug|Any CPU
		{9FB6BC37-E57B-4CFE-A5E1-D18B14052F93}.Debug|Any CPU.Build.0 = Debug|Any CPU
		{9FB6BC37-E57B-4CFE-A5E1-D18B14052F93}.Release|Any CPU.ActiveCfg = Release|Any CPU
		{9FB6BC37-E57B-4CFE-A5E1-D18B14052F93}.Release|Any CPU.Build.0 = Release|Any CPU
		{90FF8568-DEF3-40C5-8B1F-55DC91B4CCA7}.Debug|Any CPU.ActiveCfg = Debug|Any CPU
		{90FF8568-DEF3-40C5-8B1F-55DC91B4CCA7}.Debug|Any CPU.Build.0 = Debug|Any CPU
		{90FF8568-DEF3-40C5-8B1F-55DC91B4CCA7}.Release|Any CPU.ActiveCfg = Release|Any CPU
		{90FF8568-DEF3-40C5-8B1F-55DC91B4CCA7}.Release|Any CPU.Build.0 = Release|Any CPU
		{886C8665-4C21-4032-9384-E4E81A411EA8}.Debug|Any CPU.ActiveCfg = Debug|Any CPU
		{886C8665-4C21-4032-9384-E4E81A411EA8}.Debug|Any CPU.Build.0 = Debug|Any CPU
		{886C8665-4C21-4032-9384-E4E81A411EA8}.Release|Any CPU.ActiveCfg = Release|Any CPU
		{886C8665-4C21-4032-9384-E4E81A411EA8}.Release|Any CPU.Build.0 = Release|Any CPU
		{F62B680F-0976-45D1-9DEA-5503BBCE7D8B}.Debug|Any CPU.ActiveCfg = Debug|Any CPU
		{F62B680F-0976-45D1-9DEA-5503BBCE7D8B}.Debug|Any CPU.Build.0 = Debug|Any CPU
		{F62B680F-0976-45D1-9DEA-5503BBCE7D8B}.Release|Any CPU.ActiveCfg = Release|Any CPU
		{F62B680F-0976-45D1-9DEA-5503BBCE7D8B}.Release|Any CPU.Build.0 = Release|Any CPU
		{DFE167B5-B993-4955-8802-CF85B7D36648}.Debug|Any CPU.ActiveCfg = Debug|Any CPU
		{DFE167B5-B993-4955-8802-CF85B7D36648}.Debug|Any CPU.Build.0 = Debug|Any CPU
		{DFE167B5-B993-4955-8802-CF85B7D36648}.Release|Any CPU.ActiveCfg = Release|Any CPU
		{DFE167B5-B993-4955-8802-CF85B7D36648}.Release|Any CPU.Build.0 = Release|Any CPU
		{A1B25B8D-23BA-4247-A9DB-0532734CDA54}.Debug|Any CPU.ActiveCfg = Debug|Any CPU
		{A1B25B8D-23BA-4247-A9DB-0532734CDA54}.Debug|Any CPU.Build.0 = Debug|Any CPU
		{A1B25B8D-23BA-4247-A9DB-0532734CDA54}.Release|Any CPU.ActiveCfg = Release|Any CPU
		{A1B25B8D-23BA-4247-A9DB-0532734CDA54}.Release|Any CPU.Build.0 = Release|Any CPU
		{7668EC56-9FB4-472D-8DBD-0E7A4C8BA5F9}.Debug|Any CPU.ActiveCfg = Debug|Any CPU
		{7668EC56-9FB4-472D-8DBD-0E7A4C8BA5F9}.Debug|Any CPU.Build.0 = Debug|Any CPU
		{7668EC56-9FB4-472D-8DBD-0E7A4C8BA5F9}.Release|Any CPU.ActiveCfg = Release|Any CPU
		{7668EC56-9FB4-472D-8DBD-0E7A4C8BA5F9}.Release|Any CPU.Build.0 = Release|Any CPU
		{FA320D43-63A5-468A-BBED-9D3348CFC994}.Debug|Any CPU.ActiveCfg = Debug|Any CPU
		{FA320D43-63A5-468A-BBED-9D3348CFC994}.Debug|Any CPU.Build.0 = Debug|Any CPU
		{FA320D43-63A5-468A-BBED-9D3348CFC994}.Release|Any CPU.ActiveCfg = Release|Any CPU
		{FA320D43-63A5-468A-BBED-9D3348CFC994}.Release|Any CPU.Build.0 = Release|Any CPU
		{74F4E574-2845-4080-8F1C-4D57AE3AAEC3}.Debug|Any CPU.ActiveCfg = Debug|Any CPU
		{74F4E574-2845-4080-8F1C-4D57AE3AAEC3}.Debug|Any CPU.Build.0 = Debug|Any CPU
		{74F4E574-2845-4080-8F1C-4D57AE3AAEC3}.Release|Any CPU.ActiveCfg = Release|Any CPU
		{74F4E574-2845-4080-8F1C-4D57AE3AAEC3}.Release|Any CPU.Build.0 = Release|Any CPU
		{90FB1C6E-0B03-4824-98B6-05F2C0BBE8FB}.Debug|Any CPU.ActiveCfg = Debug|Any CPU
		{90FB1C6E-0B03-4824-98B6-05F2C0BBE8FB}.Debug|Any CPU.Build.0 = Debug|Any CPU
		{90FB1C6E-0B03-4824-98B6-05F2C0BBE8FB}.Release|Any CPU.ActiveCfg = Release|Any CPU
		{90FB1C6E-0B03-4824-98B6-05F2C0BBE8FB}.Release|Any CPU.Build.0 = Release|Any CPU
		{D0ECCC83-7B31-43D8-90CA-D79D16C9681B}.Debug|Any CPU.ActiveCfg = Debug|Any CPU
		{D0ECCC83-7B31-43D8-90CA-D79D16C9681B}.Debug|Any CPU.Build.0 = Debug|Any CPU
		{D0ECCC83-7B31-43D8-90CA-D79D16C9681B}.Release|Any CPU.ActiveCfg = Release|Any CPU
		{D0ECCC83-7B31-43D8-90CA-D79D16C9681B}.Release|Any CPU.Build.0 = Release|Any CPU
		{9B2E079B-3A85-4E63-B914-F3B9A6830E5D}.Debug|Any CPU.ActiveCfg = Debug|Any CPU
		{9B2E079B-3A85-4E63-B914-F3B9A6830E5D}.Debug|Any CPU.Build.0 = Debug|Any CPU
		{9B2E079B-3A85-4E63-B914-F3B9A6830E5D}.Release|Any CPU.ActiveCfg = Release|Any CPU
		{9B2E079B-3A85-4E63-B914-F3B9A6830E5D}.Release|Any CPU.Build.0 = Release|Any CPU
		{9E984F3F-2E5B-46AF-92C4-9D755A165DF8}.Debug|Any CPU.ActiveCfg = Debug|Any CPU
		{9E984F3F-2E5B-46AF-92C4-9D755A165DF8}.Debug|Any CPU.Build.0 = Debug|Any CPU
		{9E984F3F-2E5B-46AF-92C4-9D755A165DF8}.Release|Any CPU.ActiveCfg = Release|Any CPU
		{9E984F3F-2E5B-46AF-92C4-9D755A165DF8}.Release|Any CPU.Build.0 = Release|Any CPU
	EndGlobalSection
	GlobalSection(SolutionProperties) = preSolution
		HideSolutionNode = FALSE
	EndGlobalSection
	GlobalSection(ExtensibilityGlobals) = postSolution
		SolutionGuid = {F4D27A02-8E55-4344-88E1-752245CF1FE3}
	EndGlobalSection
EndGlobal
